
Microsoft Visual Studio Solution File, Format Version 12.00
# Visual Studio Version 16
VisualStudioVersion = 16.0.32929.386
MinimumVisualStudioVersion = 10.0.40219.1
Project("{FAE04EC0-301F-11D3-BF4B-00C04F79EFBC}") = "RestranProjesi", "RestranProjesi\RestranProjesi.csproj", "{8E701A55-8038-43EA-8DB3-008F39FC3458}"
EndProject
Global
	GlobalSection(SolutionConfigurationPlatforms) = preSolution
		Debug|Any CPU = Debug|Any CPU
		Release|Any CPU = Release|Any CPU
	EndGlobalSection
	GlobalSection(ProjectConfigurationPlatforms) = postSolution
		{8E701A55-8038-43EA-8DB3-008F39FC3458}.Debug|Any CPU.ActiveCfg = Debug|Any CPU
		{8E701A55-8038-43EA-8DB3-008F39FC3458}.Debug|Any CPU.Build.0 = Debug|Any CPU
		{8E701A55-8038-43EA-8DB3-008F39FC3458}.Release|Any CPU.ActiveCfg = Release|Any CPU
		{8E701A55-8038-43EA-8DB3-008F39FC3458}.Release|Any CPU.Build.0 = Release|Any CPU
	EndGlobalSection
	GlobalSection(SolutionProperties) = preSolution
		HideSolutionNode = FALSE
	EndGlobalSection
	GlobalSection(ExtensibilityGlobals) = postSolution
		SolutionGuid = {1D9BF347-3239-4AA7-983B-C6A2A80D33B0}
	EndGlobalSection
EndGlobal
